
Microsoft Visual Studio Solution File, Format Version 12.00
# Visual Studio Version 17
VisualStudioVersion = 17.8.34511.84
MinimumVisualStudioVersion = 10.0.40219.1
Project("{FAE04EC0-301F-11D3-BF4B-00C04F79EFBC}") = "MuiBrakefast", "MuiBrakefast.csproj", "{778677D4-3043-42DB-ADF9-B7D571F2CCF9}"
EndProject
Global
	GlobalSection(SolutionConfigurationPlatforms) = preSolution
		Debug|Any CPU = Debug|Any CPU
		Release|Any CPU = Release|Any CPU
	EndGlobalSection
	GlobalSection(ProjectConfigurationPlatforms) = postSolution
		{778677D4-3043-42DB-ADF9-B7D571F2CCF9}.Debug|Any CPU.ActiveCfg = Debug|Any CPU
		{778677D4-3043-42DB-ADF9-B7D571F2CCF9}.Debug|Any CPU.Build.0 = Debug|Any CPU
		{778677D4-3043-42DB-ADF9-B7D571F2CCF9}.Debug|Any CPU.Deploy.0 = Debug|Any CPU
		{778677D4-3043-42DB-ADF9-B7D571F2CCF9}.Release|Any CPU.ActiveCfg = Release|Any CPU
		{778677D4-3043-42DB-ADF9-B7D571F2CCF9}.Release|Any CPU.Build.0 = Release|Any CPU
		{778677D4-3043-42DB-ADF9-B7D571F2CCF9}.Release|Any CPU.Deploy.0 = Release|Any CPU
	EndGlobalSection
	GlobalSection(SolutionProperties) = preSolution
		HideSolutionNode = FALSE
	EndGlobalSection
	GlobalSection(ExtensibilityGlobals) = postSolution
		SolutionGuid = {6B6FFF00-F0FE-45A4-BB3C-C615E792AB49}
	EndGlobalSection
EndGlobal
